// !$*UTF8*$!
{
	archiveVersion = 1;
	classes = {
	};
	objectVersion = 46;
	objects = {

/* Begin PBXBuildFile section */
		AB584B8C1BC0CDE200B8D3CF /* AppDelegate.swift in Sources */ = {isa = PBXBuildFile; fileRef = AB584B8B1BC0CDE200B8D3CF /* AppDelegate.swift */; };
		AB584B8E1BC0CDE200B8D3CF /* ViewController.swift in Sources */ = {isa = PBXBuildFile; fileRef = AB584B8D1BC0CDE200B8D3CF /* ViewController.swift */; };
		AB584B911BC0CDE200B8D3CF /* Main.storyboard in Resources */ = {isa = PBXBuildFile; fileRef = AB584B8F1BC0CDE200B8D3CF /* Main.storyboard */; };
		AB584B931BC0CDE200B8D3CF /* Assets.xcassets in Resources */ = {isa = PBXBuildFile; fileRef = AB584B921BC0CDE200B8D3CF /* Assets.xcassets */; };
		AB584B961BC0CDE200B8D3CF /* LaunchScreen.storyboard in Resources */ = {isa = PBXBuildFile; fileRef = AB584B941BC0CDE200B8D3CF /* LaunchScreen.storyboard */; };
		AB584B9F1BC0D04C00B8D3CF /* Bolts.framework in Frameworks */ = {isa = PBXBuildFile; fileRef = AB584B9D1BC0D04C00B8D3CF /* Bolts.framework */; settings = {ASSET_TAGS = (); }; };
		AB584BA01BC0D04C00B8D3CF /* Parse.framework in Frameworks */ = {isa = PBXBuildFile; fileRef = AB584B9E1BC0D04C00B8D3CF /* Parse.framework */; settings = {ASSET_TAGS = (); }; };
		AB584BA21BC0D08B00B8D3CF /* AudioToolbox.framework in Frameworks */ = {isa = PBXBuildFile; fileRef = AB584BA11BC0D08B00B8D3CF /* AudioToolbox.framework */; };
		AB584BA41BC0D09200B8D3CF /* CFNetwork.framework in Frameworks */ = {isa = PBXBuildFile; fileRef = AB584BA31BC0D09200B8D3CF /* CFNetwork.framework */; };
		AB584BA61BC0D09900B8D3CF /* CoreGraphics.framework in Frameworks */ = {isa = PBXBuildFile; fileRef = AB584BA51BC0D09900B8D3CF /* CoreGraphics.framework */; };
		AB584BA81BC0D0A100B8D3CF /* CoreLocation.framework in Frameworks */ = {isa = PBXBuildFile; fileRef = AB584BA71BC0D0A100B8D3CF /* CoreLocation.framework */; };
		AB584BAA1BC0D0A800B8D3CF /* QuartzCore.framework in Frameworks */ = {isa = PBXBuildFile; fileRef = AB584BA91BC0D0A800B8D3CF /* QuartzCore.framework */; };
		AB584BAC1BC0D0B000B8D3CF /* Security.framework in Frameworks */ = {isa = PBXBuildFile; fileRef = AB584BAB1BC0D0B000B8D3CF /* Security.framework */; };
		AB584BAE1BC0D0B700B8D3CF /* StoreKit.framework in Frameworks */ = {isa = PBXBuildFile; fileRef = AB584BAD1BC0D0B700B8D3CF /* StoreKit.framework */; };
		AB584BB01BC0D0C500B8D3CF /* SystemConfiguration.framework in Frameworks */ = {isa = PBXBuildFile; fileRef = AB584BAF1BC0D0C500B8D3CF /* SystemConfiguration.framework */; };
		AB584BB21BC0D0D300B8D3CF /* libsqlite3.tbd in Frameworks */ = {isa = PBXBuildFile; fileRef = AB584BB11BC0D0D300B8D3CF /* libsqlite3.tbd */; };
/* End PBXBuildFile section */

/* Begin PBXFileReference section */
		AB584B881BC0CDE200B8D3CF /* meet.app */ = {isa = PBXFileReference; explicitFileType = wrapper.application; includeInIndex = 0; path = meet.app; sourceTree = BUILT_PRODUCTS_DIR; };
		AB584B8B1BC0CDE200B8D3CF /* AppDelegate.swift */ = {isa = PBXFileReference; lastKnownFileType = sourcecode.swift; path = AppDelegate.swift; sourceTree = "<group>"; };
		AB584B8D1BC0CDE200B8D3CF /* ViewController.swift */ = {isa = PBXFileReference; lastKnownFileType = sourcecode.swift; path = ViewController.swift; sourceTree = "<group>"; };
		AB584B901BC0CDE200B8D3CF /* Base */ = {isa = PBXFileReference; lastKnownFileType = file.storyboard; name = Base; path = Base.lproj/Main.storyboard; sourceTree = "<group>"; };
		AB584B921BC0CDE200B8D3CF /* Assets.xcassets */ = {isa = PBXFileReference; lastKnownFileType = folder.assetcatalog; path = Assets.xcassets; sourceTree = "<group>"; };
		AB584B951BC0CDE200B8D3CF /* Base */ = {isa = PBXFileReference; lastKnownFileType = file.storyboard; name = Base; path = Base.lproj/LaunchScreen.storyboard; sourceTree = "<group>"; };
		AB584B971BC0CDE200B8D3CF /* Info.plist */ = {isa = PBXFileReference; lastKnownFileType = text.plist.xml; path = Info.plist; sourceTree = "<group>"; };
		AB584B9D1BC0D04C00B8D3CF /* Bolts.framework */ = {isa = PBXFileReference; lastKnownFileType = wrapper.framework; name = Bolts.framework; path = meet/Bolts.framework; sourceTree = "<group>"; };
		AB584B9E1BC0D04C00B8D3CF /* Parse.framework */ = {isa = PBXFileReference; lastKnownFileType = wrapper.framework; name = Parse.framework; path = meet/Parse.framework; sourceTree = "<group>"; };
		AB584BA11BC0D08B00B8D3CF /* AudioToolbox.framework */ = {isa = PBXFileReference; lastKnownFileType = wrapper.framework; name = AudioToolbox.framework; path = System/Library/Frameworks/AudioToolbox.framework; sourceTree = SDKROOT; };
		AB584BA31BC0D09200B8D3CF /* CFNetwork.framework */ = {isa = PBXFileReference; lastKnownFileType = wrapper.framework; name = CFNetwork.framework; path = System/Library/Frameworks/CFNetwork.framework; sourceTree = SDKROOT; };
		AB584BA51BC0D09900B8D3CF /* CoreGraphics.framework */ = {isa = PBXFileReference; lastKnownFileType = wrapper.framework; name = CoreGraphics.framework; path = System/Library/Frameworks/CoreGraphics.framework; sourceTree = SDKROOT; };
		AB584BA71BC0D0A100B8D3CF /* CoreLocation.framework */ = {isa = PBXFileReference; lastKnownFileType = wrapper.framework; name = CoreLocation.framework; path = System/Library/Frameworks/CoreLocation.framework; sourceTree = SDKROOT; };
		AB584BA91BC0D0A800B8D3CF /* QuartzCore.framework */ = {isa = PBXFileReference; lastKnownFileType = wrapper.framework; name = QuartzCore.framework; path = System/Library/Frameworks/QuartzCore.framework; sourceTree = SDKROOT; };
		AB584BAB1BC0D0B000B8D3CF /* Security.framework */ = {isa = PBXFileReference; lastKnownFileType = wrapper.framework; name = Security.framework; path = System/Library/Frameworks/Security.framework; sourceTree = SDKROOT; };
		AB584BAD1BC0D0B700B8D3CF /* StoreKit.framework */ = {isa = PBXFileReference; lastKnownFileType = wrapper.framework; name = StoreKit.framework; path = System/Library/Frameworks/StoreKit.framework; sourceTree = SDKROOT; };
		AB584BAF1BC0D0C500B8D3CF /* SystemConfiguration.framework */ = {isa = PBXFileReference; lastKnownFileType = wrapper.framework; name = SystemConfiguration.framework; path = System/Library/Frameworks/SystemConfiguration.framework; sourceTree = SDKROOT; };
		AB584BB11BC0D0D300B8D3CF /* libsqlite3.tbd */ = {isa = PBXFileReference; lastKnownFileType = "sourcecode.text-based-dylib-definition"; name = libsqlite3.tbd; path = usr/lib/libsqlite3.tbd; sourceTree = SDKROOT; };
		AB584BB41BC0D16300B8D3CF /* meet-Bridging-Header.h */ = {isa = PBXFileReference; lastKnownFileType = sourcecode.c.h; path = "meet-Bridging-Header.h"; sourceTree = "<group>"; };
/* End PBXFileReference section */

/* Begin PBXFrameworksBuildPhase section */
		AB584B851BC0CDE200B8D3CF /* Frameworks */ = {
			isa = PBXFrameworksBuildPhase;
			buildActionMask = 2147483647;
			files = (
				AB584BB21BC0D0D300B8D3CF /* libsqlite3.tbd in Frameworks */,
				AB584BB01BC0D0C500B8D3CF /* SystemConfiguration.framework in Frameworks */,
				AB584BAE1BC0D0B700B8D3CF /* StoreKit.framework in Frameworks */,
				AB584BAC1BC0D0B000B8D3CF /* Security.framework in Frameworks */,
				AB584BAA1BC0D0A800B8D3CF /* QuartzCore.framework in Frameworks */,
				AB584BA81BC0D0A100B8D3CF /* CoreLocation.framework in Frameworks */,
				AB584BA61BC0D09900B8D3CF /* CoreGraphics.framework in Frameworks */,
				AB584BA41BC0D09200B8D3CF /* CFNetwork.framework in Frameworks */,
				AB584BA21BC0D08B00B8D3CF /* AudioToolbox.framework in Frameworks */,
				AB584BA01BC0D04C00B8D3CF /* Parse.framework in Frameworks */,
				AB584B9F1BC0D04C00B8D3CF /* Bolts.framework in Frameworks */,
			);
			runOnlyForDeploymentPostprocessing = 0;
		};
/* End PBXFrameworksBuildPhase section */

/* Begin PBXGroup section */
		AB584B7F1BC0CDE200B8D3CF = {
			isa = PBXGroup;
			children = (
				AB584BB31BC0D10100B8D3CF /* Framework */,
				AB584B8A1BC0CDE200B8D3CF /* meet */,
				AB584B891BC0CDE200B8D3CF /* Products */,
			);
			sourceTree = "<group>";
		};
		AB584B891BC0CDE200B8D3CF /* Products */ = {
			isa = PBXGroup;
			children = (
				AB584B881BC0CDE200B8D3CF /* meet.app */,
			);
			name = Products;
			sourceTree = "<group>";
		};
		AB584B8A1BC0CDE200B8D3CF /* meet */ = {
			isa = PBXGroup;
			children = (
				AB584B8B1BC0CDE200B8D3CF /* AppDelegate.swift */,
				AB584B8D1BC0CDE200B8D3CF /* ViewController.swift */,
				AB584B8F1BC0CDE200B8D3CF /* Main.storyboard */,
				AB584B921BC0CDE200B8D3CF /* Assets.xcassets */,
				AB584B941BC0CDE200B8D3CF /* LaunchScreen.storyboard */,
				AB584B971BC0CDE200B8D3CF /* Info.plist */,
				AB584BB41BC0D16300B8D3CF /* meet-Bridging-Header.h */,
			);
			path = meet;
			sourceTree = "<group>";
		};
		AB584BB31BC0D10100B8D3CF /* Framework */ = {
			isa = PBXGroup;
			children = (
				AB584B9D1BC0D04C00B8D3CF /* Bolts.framework */,
				AB584B9E1BC0D04C00B8D3CF /* Parse.framework */,
				AB584BB11BC0D0D300B8D3CF /* libsqlite3.tbd */,
				AB584BAF1BC0D0C500B8D3CF /* SystemConfiguration.framework */,
				AB584BAD1BC0D0B700B8D3CF /* StoreKit.framework */,
				AB584BAB1BC0D0B000B8D3CF /* Security.framework */,
				AB584BA91BC0D0A800B8D3CF /* QuartzCore.framework */,
				AB584BA71BC0D0A100B8D3CF /* CoreLocation.framework */,
				AB584BA51BC0D09900B8D3CF /* CoreGraphics.framework */,
				AB584BA31BC0D09200B8D3CF /* CFNetwork.framework */,
				AB584BA11BC0D08B00B8D3CF /* AudioToolbox.framework */,
			);
			name = Framework;
			sourceTree = "<group>";
		};
/* End PBXGroup section */

/* Begin PBXNativeTarget section */
		AB584B871BC0CDE200B8D3CF /* meet */ = {
			isa = PBXNativeTarget;
			buildConfigurationList = AB584B9A1BC0CDE200B8D3CF /* Build configuration list for PBXNativeTarget "meet" */;
			buildPhases = (
				AB584B841BC0CDE200B8D3CF /* Sources */,
				AB584B851BC0CDE200B8D3CF /* Frameworks */,
				AB584B861BC0CDE200B8D3CF /* Resources */,
			);
			buildRules = (
			);
			dependencies = (
			);
			name = meet;
			productName = meet;
			productReference = AB584B881BC0CDE200B8D3CF /* meet.app */;
			productType = "com.apple.product-type.application";
		};
/* End PBXNativeTarget section */

/* Begin PBXProject section */
		AB584B801BC0CDE200B8D3CF /* Project object */ = {
			isa = PBXProject;
			attributes = {
				LastSwiftUpdateCheck = 0700;
				LastUpgradeCheck = 0700;
				ORGANIZATIONNAME = daisy_island;
				TargetAttributes = {
					AB584B871BC0CDE200B8D3CF = {
						CreatedOnToolsVersion = 7.0.1;
					};
				};
			};
			buildConfigurationList = AB584B831BC0CDE200B8D3CF /* Build configuration list for PBXProject "meet" */;
			compatibilityVersion = "Xcode 3.2";
			developmentRegion = English;
			hasScannedForEncodings = 0;
			knownRegions = (
				en,
				Base,
			);
			mainGroup = AB584B7F1BC0CDE200B8D3CF;
			productRefGroup = AB584B891BC0CDE200B8D3CF /* Products */;
			projectDirPath = "";
			projectRoot = "";
			targets = (
				AB584B871BC0CDE200B8D3CF /* meet */,
			);
		};
/* End PBXProject section */

/* Begin PBXResourcesBuildPhase section */
		AB584B861BC0CDE200B8D3CF /* Resources */ = {
			isa = PBXResourcesBuildPhase;
			buildActionMask = 2147483647;
			files = (
				AB584B961BC0CDE200B8D3CF /* LaunchScreen.storyboard in Resources */,
				AB584B931BC0CDE200B8D3CF /* Assets.xcassets in Resources */,
				AB584B911BC0CDE200B8D3CF /* Main.storyboard in Resources */,
			);
			runOnlyForDeploymentPostprocessing = 0;
		};
/* End PBXResourcesBuildPhase section */

/* Begin PBXSourcesBuildPhase section */
		AB584B841BC0CDE200B8D3CF /* Sources */ = {
			isa = PBXSourcesBuildPhase;
			buildActionMask = 2147483647;
			files = (
				AB584B8E1BC0CDE200B8D3CF /* ViewController.swift in Sources */,
				AB584B8C1BC0CDE200B8D3CF /* AppDelegate.swift in Sources */,
			);
			runOnlyForDeploymentPostprocessing = 0;
		};
/* End PBXSourcesBuildPhase section */

/* Begin PBXVariantGroup section */
		AB584B8F1BC0CDE200B8D3CF /* Main.storyboard */ = {
			isa = PBXVariantGroup;
			children = (
				AB584B901BC0CDE200B8D3CF /* Base */,
			);
			name = Main.storyboard;
			sourceTree = "<group>";
		};
		AB584B941BC0CDE200B8D3CF /* LaunchScreen.storyboard */ = {
			isa = PBXVariantGroup;
			children = (
				AB584B951BC0CDE200B8D3CF /* Base */,
			);
			name = LaunchScreen.storyboard;
			sourceTree = "<group>";
		};
/* End PBXVariantGroup section */

/* Begin XCBuildConfiguration section */
		AB584B981BC0CDE200B8D3CF /* Debug */ = {
			isa = XCBuildConfiguration;
			buildSettings = {
				ALWAYS_SEARCH_USER_PATHS = NO;
				CLANG_CXX_LANGUAGE_STANDARD = "gnu++0x";
				CLANG_CXX_LIBRARY = "libc++";
				CLANG_ENABLE_MODULES = YES;
				CLANG_ENABLE_OBJC_ARC = YES;
				CLANG_WARN_BOOL_CONVERSION = YES;
				CLANG_WARN_CONSTANT_CONVERSION = YES;
				CLANG_WARN_DIRECT_OBJC_ISA_USAGE = YES_ERROR;
				CLANG_WARN_EMPTY_BODY = YES;
				CLANG_WARN_ENUM_CONVERSION = YES;
				CLANG_WARN_INT_CONVERSION = YES;
				CLANG_WARN_OBJC_ROOT_CLASS = YES_ERROR;
				CLANG_WARN_UNREACHABLE_CODE = YES;
				CLANG_WARN__DUPLICATE_METHOD_MATCH = YES;
				"CODE_SIGN_IDENTITY[sdk=iphoneos*]" = "iPhone Developer";
				COPY_PHASE_STRIP = NO;
				DEBUG_INFORMATION_FORMAT = dwarf;
				ENABLE_STRICT_OBJC_MSGSEND = YES;
				ENABLE_TESTABILITY = YES;
				GCC_C_LANGUAGE_STANDARD = gnu99;
				GCC_DYNAMIC_NO_PIC = NO;
				GCC_NO_COMMON_BLOCKS = YES;
				GCC_OPTIMIZATION_LEVEL = 0;
				GCC_PREPROCESSOR_DEFINITIONS = (
					"DEBUG=1",
					"$(inherited)",
				);
				GCC_WARN_64_TO_32_BIT_CONVERSION = YES;
				GCC_WARN_ABOUT_RETURN_TYPE = YES_ERROR;
				GCC_WARN_UNDECLARED_SELECTOR = YES;
				GCC_WARN_UNINITIALIZED_AUTOS = YES_AGGRESSIVE;
				GCC_WARN_UNUSED_FUNCTION = YES;
				GCC_WARN_UNUSED_VARIABLE = YES;
				IPHONEOS_DEPLOYMENT_TARGET = 9.0;
				MTL_ENABLE_DEBUG_INFO = YES;
				ONLY_ACTIVE_ARCH = YES;
				SDKROOT = iphoneos;
				SWIFT_OPTIMIZATION_LEVEL = "-Onone";
			};
			name = Debug;
		};
		AB584B991BC0CDE200B8D3CF /* Release */ = {
			isa = XCBuildConfiguration;
			buildSettings = {
				ALWAYS_SEARCH_USER_PATHS = NO;
				CLANG_CXX_LANGUAGE_STANDARD = "gnu++0x";
				CLANG_CXX_LIBRARY = "libc++";
				CLANG_ENABLE_MODULES = YES;
				CLANG_ENABLE_OBJC_ARC = YES;
				CLANG_WARN_BOOL_CONVERSION = YES;
				CLANG_WARN_CONSTANT_CONVERSION = YES;
				CLANG_WARN_DIRECT_OBJC_ISA_USAGE = YES_ERROR;
				CLANG_WARN_EMPTY_BODY = YES;
				CLANG_WARN_ENUM_CONVERSION = YES;
				CLANG_WARN_INT_CONVERSION = YES;
				CLANG_WARN_OBJC_ROOT_CLASS = YES_ERROR;
				CLANG_WARN_UNREACHABLE_CODE = YES;
				CLANG_WARN__DUPLICATE_METHOD_MATCH = YES;
				"CODE_SIGN_IDENTITY[sdk=iphoneos*]" = "iPhone Developer";
				COPY_PHASE_STRIP = NO;
				DEBUG_INFORMATION_FORMAT = "dwarf-with-dsym";
				ENABLE_NS_ASSERTIONS = NO;
				ENABLE_STRICT_OBJC_MSGSEND = YES;
				GCC_C_LANGUAGE_STANDARD = gnu99;
				GCC_NO_COMMON_BLOCKS = YES;
				GCC_WARN_64_TO_32_BIT_CONVERSION = YES;
				GCC_WARN_ABOUT_RETURN_TYPE = YES_ERROR;
				GCC_WARN_UNDECLARED_SELECTOR = YES;
				GCC_WARN_UNINITIALIZED_AUTOS = YES_AGGRESSIVE;
				GCC_WARN_UNUSED_FUNCTION = YES;
				GCC_WARN_UNUSED_VARIABLE = YES;
				IPHONEOS_DEPLOYMENT_TARGET = 9.0;
				MTL_ENABLE_DEBUG_INFO = NO;
				SDKROOT = iphoneos;
				VALIDATE_PRODUCT = YES;
			};
			name = Release;
		};
		AB584B9B1BC0CDE200B8D3CF /* Debug */ = {
			isa = XCBuildConfiguration;
			buildSettings = {
				ASSETCATALOG_COMPILER_APPICON_NAME = AppIcon;
				CLANG_ENABLE_MODULES = YES;
				FRAMEWORK_SEARCH_PATHS = (
					"$(inherited)",
					"$(PROJECT_DIR)/meet",
				);
				INFOPLIST_FILE = meet/Info.plist;
				LD_RUNPATH_SEARCH_PATHS = "$(inherited) @executable_path/Frameworks";
				PRODUCT_BUNDLE_IDENTIFIER = Zhenyu.Daisy.meet;
				PRODUCT_NAME = "$(TARGET_NAME)";
				SWIFT_OBJC_BRIDGING_HEADER = "meet/meet-Bridging-Header.h";
				SWIFT_OPTIMIZATION_LEVEL = "-Onone";
			};
			name = Debug;
		};
		AB584B9C1BC0CDE200B8D3CF /* Release */ = {
			isa = XCBuildConfiguration;
			buildSettings = {
				ASSETCATALOG_COMPILER_APPICON_NAME = AppIcon;
				CLANG_ENABLE_MODULES = YES;
				FRAMEWORK_SEARCH_PATHS = (
					"$(inherited)",
					"$(PROJECT_DIR)/meet",
				);
				INFOPLIST_FILE = meet/Info.plist;
				LD_RUNPATH_SEARCH_PATHS = "$(inherited) @executable_path/Frameworks";
				PRODUCT_BUNDLE_IDENTIFIER = Zhenyu.Daisy.meet;
				PRODUCT_NAME = "$(TARGET_NAME)";
				SWIFT_OBJC_BRIDGING_HEADER = "meet/meet-Bridging-Header.h";
			};
			name = Release;
		};
/* End XCBuildConfiguration section */

/* Begin XCConfigurationList section */
		AB584B831BC0CDE200B8D3CF /* Build configuration list for PBXProject "meet" */ = {
			isa = XCConfigurationList;
			buildConfigurations = (
				AB584B981BC0CDE200B8D3CF /* Debug */,
				AB584B991BC0CDE200B8D3CF /* Release */,
			);
			defaultConfigurationIsVisible = 0;
			defaultConfigurationName = Release;
		};
		AB584B9A1BC0CDE200B8D3CF /* Build configuration list for PBXNativeTarget "meet" */ = {
			isa = XCConfigurationList;
			buildConfigurations = (
				AB584B9B1BC0CDE200B8D3CF /* Debug */,
				AB584B9C1BC0CDE200B8D3CF /* Release */,
			);
			defaultConfigurationIsVisible = 0;
		};
/* End XCConfigurationList section */
	};
	rootObject = AB584B801BC0CDE200B8D3CF /* Project object */;
}
